
Microsoft Visual Studio Solution File, Format Version 12.00
# Visual Studio Version 16
VisualStudioVersion = 16.0.35026.282
MinimumVisualStudioVersion = 10.0.40219.1
Project("{8BC9CEB8-8B4A-11D0-8D11-00A0C91BC942}") = "c++1", "c++1\c++1.vcxproj", "{CBE96E21-E957-496B-9EC8-4C32C4C54EFA}"
EndProject
Global
	GlobalSection(SolutionConfigurationPlatforms) = preSolution
		Debug|x64 = Debug|x64
		Debug|x86 = Debug|x86
		Release|x64 = Release|x64
		Release|x86 = Release|x86
	EndGlobalSection
	GlobalSection(ProjectConfigurationPlatforms) = postSolution
		{CBE96E21-E957-496B-9EC8-4C32C4C54EFA}.Debug|x64.ActiveCfg = Debug|x64
		{CBE96E21-E957-496B-9EC8-4C32C4C54EFA}.Debug|x64.Build.0 = Debug|x64
		{CBE96E21-E957-496B-9EC8-4C32C4C54EFA}.Debug|x86.ActiveCfg = Debug|Win32
		{CBE96E21-E957-496B-9EC8-4C32C4C54EFA}.Debug|x86.Build.0 = Debug|Win32
		{CBE96E21-E957-496B-9EC8-4C32C4C54EFA}.Release|x64.ActiveCfg = Release|x64
		{CBE96E21-E957-496B-9EC8-4C32C4C54EFA}.Release|x64.Build.0 = Release|x64
		{CBE96E21-E957-496B-9EC8-4C32C4C54EFA}.Release|x86.ActiveCfg = Release|Win32
		{CBE96E21-E957-496B-9EC8-4C32C4C54EFA}.Release|x86.Build.0 = Release|Win32
	EndGlobalSection
	GlobalSection(SolutionProperties) = preSolution
		HideSolutionNode = FALSE
	EndGlobalSection
	GlobalSection(ExtensibilityGlobals) = postSolution
		SolutionGuid = {EAEF14CE-45D8-4501-8A96-C9AA64E6935C}
	EndGlobalSection
EndGlobal
