
Microsoft Visual Studio Solution File, Format Version 12.00
# Visual Studio Version 16
VisualStudioVersion = 16.0.35026.282
MinimumVisualStudioVersion = 10.0.40219.1
Project("{8BC9CEB8-8B4A-11D0-8D11-00A0C91BC942}") = "Project2", "Project2.vcxproj", "{FC9EA31C-E1A7-4E72-BFAA-1D084B30D047}"
EndProject
Global
	GlobalSection(SolutionConfigurationPlatforms) = preSolution
		Debug|x64 = Debug|x64
		Debug|x86 = Debug|x86
		Release|x64 = Release|x64
		Release|x86 = Release|x86
	EndGlobalSection
	GlobalSection(ProjectConfigurationPlatforms) = postSolution
		{FC9EA31C-E1A7-4E72-BFAA-1D084B30D047}.Debug|x64.ActiveCfg = Debug|x64
		{FC9EA31C-E1A7-4E72-BFAA-1D084B30D047}.Debug|x64.Build.0 = Debug|x64
		{FC9EA31C-E1A7-4E72-BFAA-1D084B30D047}.Debug|x86.ActiveCfg = Debug|Win32
		{FC9EA31C-E1A7-4E72-BFAA-1D084B30D047}.Debug|x86.Build.0 = Debug|Win32
		{FC9EA31C-E1A7-4E72-BFAA-1D084B30D047}.Release|x64.ActiveCfg = Release|x64
		{FC9EA31C-E1A7-4E72-BFAA-1D084B30D047}.Release|x64.Build.0 = Release|x64
		{FC9EA31C-E1A7-4E72-BFAA-1D084B30D047}.Release|x86.ActiveCfg = Release|Win32
		{FC9EA31C-E1A7-4E72-BFAA-1D084B30D047}.Release|x86.Build.0 = Release|Win32
	EndGlobalSection
	GlobalSection(SolutionProperties) = preSolution
		HideSolutionNode = FALSE
	EndGlobalSection
	GlobalSection(ExtensibilityGlobals) = postSolution
		SolutionGuid = {72035DFB-41DB-4F10-A83F-1D671B4DD87C}
	EndGlobalSection
EndGlobal
