
Microsoft Visual Studio Solution File, Format Version 12.00
# Visual Studio Version 16
VisualStudioVersion = 16.0.35826.135
MinimumVisualStudioVersion = 10.0.40219.1
Project("{8BC9CEB8-8B4A-11D0-8D11-00A0C91BC942}") = "0514week13", "0514week13\0514week13.vcxproj", "{E6FA3E71-4EE2-4EE1-8FFF-9B29361F9ABE}"
EndProject
Global
	GlobalSection(SolutionConfigurationPlatforms) = preSolution
		Debug|x64 = Debug|x64
		Debug|x86 = Debug|x86
		Release|x64 = Release|x64
		Release|x86 = Release|x86
	EndGlobalSection
	GlobalSection(ProjectConfigurationPlatforms) = postSolution
		{E6FA3E71-4EE2-4EE1-8FFF-9B29361F9ABE}.Debug|x64.ActiveCfg = Debug|x64
		{E6FA3E71-4EE2-4EE1-8FFF-9B29361F9ABE}.Debug|x64.Build.0 = Debug|x64
		{E6FA3E71-4EE2-4EE1-8FFF-9B29361F9ABE}.Debug|x86.ActiveCfg = Debug|Win32
		{E6FA3E71-4EE2-4EE1-8FFF-9B29361F9ABE}.Debug|x86.Build.0 = Debug|Win32
		{E6FA3E71-4EE2-4EE1-8FFF-9B29361F9ABE}.Release|x64.ActiveCfg = Release|x64
		{E6FA3E71-4EE2-4EE1-8FFF-9B29361F9ABE}.Release|x64.Build.0 = Release|x64
		{E6FA3E71-4EE2-4EE1-8FFF-9B29361F9ABE}.Release|x86.ActiveCfg = Release|Win32
		{E6FA3E71-4EE2-4EE1-8FFF-9B29361F9ABE}.Release|x86.Build.0 = Release|Win32
	EndGlobalSection
	GlobalSection(SolutionProperties) = preSolution
		HideSolutionNode = FALSE
	EndGlobalSection
	GlobalSection(ExtensibilityGlobals) = postSolution
		SolutionGuid = {F5EBF7C9-AD0C-4A7E-B9EC-B2B1AB719B5E}
	EndGlobalSection
EndGlobal
