
Microsoft Visual Studio Solution File, Format Version 12.00
# Visual Studio Version 16
VisualStudioVersion = 16.0.35826.135
MinimumVisualStudioVersion = 10.0.40219.1
Project("{8BC9CEB8-8B4A-11D0-8D11-00A0C91BC942}") = "week16 (2)", "week16 (2)\week16 (2).vcxproj", "{6C5B6C5E-2AA8-4313-9435-C0C9337BF507}"
EndProject
Global
	GlobalSection(SolutionConfigurationPlatforms) = preSolution
		Debug|x64 = Debug|x64
		Debug|x86 = Debug|x86
		Release|x64 = Release|x64
		Release|x86 = Release|x86
	EndGlobalSection
	GlobalSection(ProjectConfigurationPlatforms) = postSolution
		{6C5B6C5E-2AA8-4313-9435-C0C9337BF507}.Debug|x64.ActiveCfg = Debug|x64
		{6C5B6C5E-2AA8-4313-9435-C0C9337BF507}.Debug|x64.Build.0 = Debug|x64
		{6C5B6C5E-2AA8-4313-9435-C0C9337BF507}.Debug|x86.ActiveCfg = Debug|Win32
		{6C5B6C5E-2AA8-4313-9435-C0C9337BF507}.Debug|x86.Build.0 = Debug|Win32
		{6C5B6C5E-2AA8-4313-9435-C0C9337BF507}.Release|x64.ActiveCfg = Release|x64
		{6C5B6C5E-2AA8-4313-9435-C0C9337BF507}.Release|x64.Build.0 = Release|x64
		{6C5B6C5E-2AA8-4313-9435-C0C9337BF507}.Release|x86.ActiveCfg = Release|Win32
		{6C5B6C5E-2AA8-4313-9435-C0C9337BF507}.Release|x86.Build.0 = Release|Win32
	EndGlobalSection
	GlobalSection(SolutionProperties) = preSolution
		HideSolutionNode = FALSE
	EndGlobalSection
	GlobalSection(ExtensibilityGlobals) = postSolution
		SolutionGuid = {D56F8D50-3B09-4F39-881A-07A96AD76597}
	EndGlobalSection
EndGlobal
