
Microsoft Visual Studio Solution File, Format Version 12.00
# Visual Studio Version 16
VisualStudioVersion = 16.0.35026.282
MinimumVisualStudioVersion = 10.0.40219.1
Project("{8BC9CEB8-8B4A-11D0-8D11-00A0C91BC942}") = "20250326-1", "20250326-1.vcxproj", "{754460C8-E6A6-4FB2-B743-6A3088A4F06C}"
EndProject
Global
	GlobalSection(SolutionConfigurationPlatforms) = preSolution
		Debug|x64 = Debug|x64
		Debug|x86 = Debug|x86
		Release|x64 = Release|x64
		Release|x86 = Release|x86
	EndGlobalSection
	GlobalSection(ProjectConfigurationPlatforms) = postSolution
		{754460C8-E6A6-4FB2-B743-6A3088A4F06C}.Debug|x64.ActiveCfg = Debug|x64
		{754460C8-E6A6-4FB2-B743-6A3088A4F06C}.Debug|x64.Build.0 = Debug|x64
		{754460C8-E6A6-4FB2-B743-6A3088A4F06C}.Debug|x86.ActiveCfg = Debug|Win32
		{754460C8-E6A6-4FB2-B743-6A3088A4F06C}.Debug|x86.Build.0 = Debug|Win32
		{754460C8-E6A6-4FB2-B743-6A3088A4F06C}.Release|x64.ActiveCfg = Release|x64
		{754460C8-E6A6-4FB2-B743-6A3088A4F06C}.Release|x64.Build.0 = Release|x64
		{754460C8-E6A6-4FB2-B743-6A3088A4F06C}.Release|x86.ActiveCfg = Release|Win32
		{754460C8-E6A6-4FB2-B743-6A3088A4F06C}.Release|x86.Build.0 = Release|Win32
	EndGlobalSection
	GlobalSection(SolutionProperties) = preSolution
		HideSolutionNode = FALSE
	EndGlobalSection
	GlobalSection(ExtensibilityGlobals) = postSolution
		SolutionGuid = {9F7F57CB-63CE-470B-A3CB-C29D4D34C5BC}
	EndGlobalSection
EndGlobal
