
Microsoft Visual Studio Solution File, Format Version 12.00
# Visual Studio Version 16
VisualStudioVersion = 16.0.35826.135
MinimumVisualStudioVersion = 10.0.40219.1
Project("{8BC9CEB8-8B4A-11D0-8D11-00A0C91BC942}") = "0611week17-3", "0611week17-3\0611week17-3.vcxproj", "{2CB189D8-9A5F-42A0-A906-E89206452254}"
EndProject
Global
	GlobalSection(SolutionConfigurationPlatforms) = preSolution
		Debug|x64 = Debug|x64
		Debug|x86 = Debug|x86
		Release|x64 = Release|x64
		Release|x86 = Release|x86
	EndGlobalSection
	GlobalSection(ProjectConfigurationPlatforms) = postSolution
		{2CB189D8-9A5F-42A0-A906-E89206452254}.Debug|x64.ActiveCfg = Debug|x64
		{2CB189D8-9A5F-42A0-A906-E89206452254}.Debug|x64.Build.0 = Debug|x64
		{2CB189D8-9A5F-42A0-A906-E89206452254}.Debug|x86.ActiveCfg = Debug|Win32
		{2CB189D8-9A5F-42A0-A906-E89206452254}.Debug|x86.Build.0 = Debug|Win32
		{2CB189D8-9A5F-42A0-A906-E89206452254}.Release|x64.ActiveCfg = Release|x64
		{2CB189D8-9A5F-42A0-A906-E89206452254}.Release|x64.Build.0 = Release|x64
		{2CB189D8-9A5F-42A0-A906-E89206452254}.Release|x86.ActiveCfg = Release|Win32
		{2CB189D8-9A5F-42A0-A906-E89206452254}.Release|x86.Build.0 = Release|Win32
	EndGlobalSection
	GlobalSection(SolutionProperties) = preSolution
		HideSolutionNode = FALSE
	EndGlobalSection
	GlobalSection(ExtensibilityGlobals) = postSolution
		SolutionGuid = {6BDE5CA4-9579-46DE-9CE6-0D40AAB6C96B}
	EndGlobalSection
EndGlobal
